
Microsoft Visual Studio Solution File, Format Version 12.00
# Visual Studio Version 16
VisualStudioVersion = 16.0.29306.81
MinimumVisualStudioVersion = 10.0.40219.1
Project("{FAE04EC0-301F-11D3-BF4B-00C04F79EFBC}") = "Lenselink-Asg5-Yahtzee", "Lenselink-Asg5-Yahtzee\Lenselink-Asg5-Yahtzee.csproj", "{10B6FA18-C217-4C0B-B53C-C8D78BA91249}"
EndProject
Global
	GlobalSection(SolutionConfigurationPlatforms) = preSolution
		Debug|Any CPU = Debug|Any CPU
		Release|Any CPU = Release|Any CPU
	EndGlobalSection
	GlobalSection(ProjectConfigurationPlatforms) = postSolution
		{10B6FA18-C217-4C0B-B53C-C8D78BA91249}.Debug|Any CPU.ActiveCfg = Debug|Any CPU
		{10B6FA18-C217-4C0B-B53C-C8D78BA91249}.Debug|Any CPU.Build.0 = Debug|Any CPU
		{10B6FA18-C217-4C0B-B53C-C8D78BA91249}.Release|Any CPU.ActiveCfg = Release|Any CPU
		{10B6FA18-C217-4C0B-B53C-C8D78BA91249}.Release|Any CPU.Build.0 = Release|Any CPU
	EndGlobalSection
	GlobalSection(SolutionProperties) = preSolution
		HideSolutionNode = FALSE
	EndGlobalSection
	GlobalSection(ExtensibilityGlobals) = postSolution
		SolutionGuid = {8C83B7AE-B88E-4901-A9E4-33A5A67EE726}
	EndGlobalSection
EndGlobal
